
Microsoft Visual Studio Solution File, Format Version 12.00
# Visual Studio Version 17
VisualStudioVersion = 17.9.34902.65
MinimumVisualStudioVersion = 10.0.40219.1
Project("{9A19103F-16F7-4668-BE54-9A1E7A4F7556}") = "ЛР_13", "ЛР_13\ЛР_13.csproj", "{05C34247-4E18-4A26-86C8-D979EBDA55A2}"
EndProject
Project("{9A19103F-16F7-4668-BE54-9A1E7A4F7556}") = "ClassLibrary2", "..\MainProgram\ClassLibrary2\ClassLibrary2.csproj", "{DD648809-A1B1-4BA9-8B8F-736D69E67BF3}"
EndProject
Project("{FAE04EC0-301F-11D3-BF4B-00C04F79EFBC}") = "Tests", "Tests\Tests.csproj", "{31B51ECE-4B53-4372-A2A2-F6F24522FF8F}"
EndProject
Global
	GlobalSection(SolutionConfigurationPlatforms) = preSolution
		Debug|Any CPU = Debug|Any CPU
		Release|Any CPU = Release|Any CPU
	EndGlobalSection
	GlobalSection(ProjectConfigurationPlatforms) = postSolution
		{05C34247-4E18-4A26-86C8-D979EBDA55A2}.Debug|Any CPU.ActiveCfg = Debug|Any CPU
		{05C34247-4E18-4A26-86C8-D979EBDA55A2}.Debug|Any CPU.Build.0 = Debug|Any CPU
		{05C34247-4E18-4A26-86C8-D979EBDA55A2}.Release|Any CPU.ActiveCfg = Release|Any CPU
		{05C34247-4E18-4A26-86C8-D979EBDA55A2}.Release|Any CPU.Build.0 = Release|Any CPU
		{DD648809-A1B1-4BA9-8B8F-736D69E67BF3}.Debug|Any CPU.ActiveCfg = Debug|Any CPU
		{DD648809-A1B1-4BA9-8B8F-736D69E67BF3}.Debug|Any CPU.Build.0 = Debug|Any CPU
		{DD648809-A1B1-4BA9-8B8F-736D69E67BF3}.Release|Any CPU.ActiveCfg = Release|Any CPU
		{DD648809-A1B1-4BA9-8B8F-736D69E67BF3}.Release|Any CPU.Build.0 = Release|Any CPU
		{31B51ECE-4B53-4372-A2A2-F6F24522FF8F}.Debug|Any CPU.ActiveCfg = Debug|Any CPU
		{31B51ECE-4B53-4372-A2A2-F6F24522FF8F}.Debug|Any CPU.Build.0 = Debug|Any CPU
		{31B51ECE-4B53-4372-A2A2-F6F24522FF8F}.Release|Any CPU.ActiveCfg = Release|Any CPU
		{31B51ECE-4B53-4372-A2A2-F6F24522FF8F}.Release|Any CPU.Build.0 = Release|Any CPU
	EndGlobalSection
	GlobalSection(SolutionProperties) = preSolution
		HideSolutionNode = FALSE
	EndGlobalSection
	GlobalSection(ExtensibilityGlobals) = postSolution
		SolutionGuid = {777FEC6E-49C6-4B8D-AA8A-E532D2D3A83B}
	EndGlobalSection
EndGlobal
